
Microsoft Visual Studio Solution File, Format Version 12.00
# Visual Studio Version 16
VisualStudioVersion = 16.0.29001.49
MinimumVisualStudioVersion = 10.0.40219.1
Project("{9A19103F-16F7-4668-BE54-9A1E7A4F7556}") = "CoffeeRun", "CoffeeRun\CoffeeRun.csproj", "{7118E284-5AF0-492D-B403-1839FF85CF68}"
EndProject
Project("{FAE04EC0-301F-11D3-BF4B-00C04F79EFBC}") = "CoffeeRunTests", "CoffeeRunTests\CoffeeRunTests.csproj", "{FC8977E9-81BB-450A-9E7C-C868A3D83E59}"
EndProject
Global
	GlobalSection(SolutionConfigurationPlatforms) = preSolution
		Debug|Any CPU = Debug|Any CPU
		Release|Any CPU = Release|Any CPU
	EndGlobalSection
	GlobalSection(ProjectConfigurationPlatforms) = postSolution
		{7118E284-5AF0-492D-B403-1839FF85CF68}.Debug|Any CPU.ActiveCfg = Debug|Any CPU
		{7118E284-5AF0-492D-B403-1839FF85CF68}.Debug|Any CPU.Build.0 = Debug|Any CPU
		{7118E284-5AF0-492D-B403-1839FF85CF68}.Release|Any CPU.ActiveCfg = Release|Any CPU
		{7118E284-5AF0-492D-B403-1839FF85CF68}.Release|Any CPU.Build.0 = Release|Any CPU
		{FC8977E9-81BB-450A-9E7C-C868A3D83E59}.Debug|Any CPU.ActiveCfg = Debug|Any CPU
		{FC8977E9-81BB-450A-9E7C-C868A3D83E59}.Debug|Any CPU.Build.0 = Debug|Any CPU
		{FC8977E9-81BB-450A-9E7C-C868A3D83E59}.Release|Any CPU.ActiveCfg = Release|Any CPU
		{FC8977E9-81BB-450A-9E7C-C868A3D83E59}.Release|Any CPU.Build.0 = Release|Any CPU
	EndGlobalSection
	GlobalSection(SolutionProperties) = preSolution
		HideSolutionNode = FALSE
	EndGlobalSection
	GlobalSection(ExtensibilityGlobals) = postSolution
		SolutionGuid = {F21251BF-9184-4716-AC2C-D5878D58E139}
	EndGlobalSection
EndGlobal
